// !$*UTF8*$!
{
	archiveVersion = 1;
	classes = {
	};
	objectVersion = 46;
	objects = {

/* Begin PBXBuildFile section */
		1F30BBC2F11F8BB197ADA296 /* Pods_Redity.framework in Frameworks */ = {isa = PBXBuildFile; fileRef = 99B5616EA8B3B5D1E3C670D0 /* Pods_Redity.framework */; };
		5270260D1F9FADC0F2C1CB42 /* Pods_RedityUITests.framework in Frameworks */ = {isa = PBXBuildFile; fileRef = C8CF5F2E7231B285267B1478 /* Pods_RedityUITests.framework */; };
		8479419D1D3A5830000ABB1C /* PinMapViewController.swift in Sources */ = {isa = PBXBuildFile; fileRef = 8479419C1D3A5830000ABB1C /* PinMapViewController.swift */; };
		84B460B71D32302700CCEBEB /* PlacesViewController.swift in Sources */ = {isa = PBXBuildFile; fileRef = 84B460B61D32302700CCEBEB /* PlacesViewController.swift */; };
		84B4C3031D26B0DD0001A05A /* General.swift in Sources */ = {isa = PBXBuildFile; fileRef = 84B4C3021D26B0DD0001A05A /* General.swift */; };
		84B555131D8C1F79006BE1CF /* PostsViewerViewController.swift in Sources */ = {isa = PBXBuildFile; fileRef = 84B555121D8C1F79006BE1CF /* PostsViewerViewController.swift */; };
		84B9B09F1D8AD4C10014893C /* SettingsTabHolder.swift in Sources */ = {isa = PBXBuildFile; fileRef = 84B9B09E1D8AD4C10014893C /* SettingsTabHolder.swift */; };
		84B9B0A31D8AFBBF0014893C /* SettingsCellBig.xib in Resources */ = {isa = PBXBuildFile; fileRef = 84B9B0A21D8AFBBF0014893C /* SettingsCellBig.xib */; };
		84B9B0A51D8AFBC80014893C /* SettingsCellText.xib in Resources */ = {isa = PBXBuildFile; fileRef = 84B9B0A41D8AFBC80014893C /* SettingsCellText.xib */; };
		84B9B0A71D8AFBD30014893C /* SettingsCellRegular.xib in Resources */ = {isa = PBXBuildFile; fileRef = 84B9B0A61D8AFBD30014893C /* SettingsCellRegular.xib */; };
		84BA00BE1D58BFDA007AED50 /* AddPostViewController.swift in Sources */ = {isa = PBXBuildFile; fileRef = 84BA00BD1D58BFDA007AED50 /* AddPostViewController.swift */; };
		84BF98871D1BD8030031A13D /* FilterCellArea.xib in Resources */ = {isa = PBXBuildFile; fileRef = 84BF98861D1BD8030031A13D /* FilterCellArea.xib */; };
		84BF98891D1C13DA0031A13D /* FilterCellGender.xib in Resources */ = {isa = PBXBuildFile; fileRef = 84BF98881D1C13DA0031A13D /* FilterCellGender.xib */; };
		84BF988B1D1C1FAB0031A13D /* FilterCellTimeframe.xib in Resources */ = {isa = PBXBuildFile; fileRef = 84BF988A1D1C1FAB0031A13D /* FilterCellTimeframe.xib */; };
		84BF988D1D1C1FB50031A13D /* FilterCellTimeframePicker.xib in Resources */ = {isa = PBXBuildFile; fileRef = 84BF988C1D1C1FB50031A13D /* FilterCellTimeframePicker.xib */; };
		84C110741D294197009067FE /* MapViewController.swift in Sources */ = {isa = PBXBuildFile; fileRef = 84C110731D294197009067FE /* MapViewController.swift */; };
		84C145941D1ABC77002CFF88 /* SF-UI-Text-Medium.ttf in Resources */ = {isa = PBXBuildFile; fileRef = 84C145911D1ABC77002CFF88 /* SF-UI-Text-Medium.ttf */; };
		84C145951D1ABC77002CFF88 /* SF-UI-Text-Regular.ttf in Resources */ = {isa = PBXBuildFile; fileRef = 84C145921D1ABC77002CFF88 /* SF-UI-Text-Regular.ttf */; };
		84C145961D1ABC77002CFF88 /* SF-UI-Text-Semibold.ttf in Resources */ = {isa = PBXBuildFile; fileRef = 84C145931D1ABC77002CFF88 /* SF-UI-Text-Semibold.ttf */; };
		84C145981D1ABE5D002CFF88 /* GeneralData.swift in Sources */ = {isa = PBXBuildFile; fileRef = 84C145971D1ABE5D002CFF88 /* GeneralData.swift */; };
		84C1459C1D1AED5D002CFF88 /* MyTableCells.swift in Sources */ = {isa = PBXBuildFile; fileRef = 84C1459B1D1AED5D002CFF88 /* MyTableCells.swift */; };
		84C1459E1D1AEE66002CFF88 /* FilterTextCell.xib in Resources */ = {isa = PBXBuildFile; fileRef = 84C1459D1D1AEE66002CFF88 /* FilterTextCell.xib */; };
		84C145A01D1AF8D8002CFF88 /* FilterCellHead.xib in Resources */ = {isa = PBXBuildFile; fileRef = 84C1459F1D1AF8D8002CFF88 /* FilterCellHead.xib */; };
		84C22BB31D48DB3D00EB231F /* origin_data1.json in Resources */ = {isa = PBXBuildFile; fileRef = 84C22BB21D48DB3D00EB231F /* origin_data1.json */; };
		84C22BB51D48DBA800EB231F /* add_data1.json in Resources */ = {isa = PBXBuildFile; fileRef = 84C22BB41D48DBA800EB231F /* add_data1.json */; };
		84C22BBC1D48E22F00EB231F /* geo_pins_data1.json in Resources */ = {isa = PBXBuildFile; fileRef = 84C22BBA1D48E22F00EB231F /* geo_pins_data1.json */; };
		84C22BBD1D48E22F00EB231F /* geo_pins_data2.json in Resources */ = {isa = PBXBuildFile; fileRef = 84C22BBB1D48E22F00EB231F /* geo_pins_data2.json */; };
		84C51FEF1D3FEA0E0028141E /* geo_json.json in Resources */ = {isa = PBXBuildFile; fileRef = 84C51FEE1D3FEA0E0028141E /* geo_json.json */; };
		84C647371D1FCB78008065C1 /* SF-UI-Text-Bold.ttf in Resources */ = {isa = PBXBuildFile; fileRef = 84C647361D1FCB78008065C1 /* SF-UI-Text-Bold.ttf */; };
		84C6EF361D467C3A001A0569 /* add_data2.json in Resources */ = {isa = PBXBuildFile; fileRef = 84C6EF341D467C3A001A0569 /* add_data2.json */; };
		84C6EF371D467C3A001A0569 /* origin_data2.json in Resources */ = {isa = PBXBuildFile; fileRef = 84C6EF351D467C3A001A0569 /* origin_data2.json */; };
		84C8B0B81D25640300BD6B62 /* OnePostViewController.swift in Sources */ = {isa = PBXBuildFile; fileRef = 84C8B0B71D25640300BD6B62 /* OnePostViewController.swift */; };
		84CF4B251D182DDB00A5BB6B /* GothamProMedium.otf in Resources */ = {isa = PBXBuildFile; fileRef = 84CF4B241D182DDB00A5BB6B /* GothamProMedium.otf */; };
		84D297CB1D9177E700C4F412 /* ChatViewController.swift in Sources */ = {isa = PBXBuildFile; fileRef = 84D297CA1D9177E700C4F412 /* ChatViewController.swift */; };
		84D297CD1D9190D000C4F412 /* ChatsListViewController.swift in Sources */ = {isa = PBXBuildFile; fileRef = 84D297CC1D9190D000C4F412 /* ChatsListViewController.swift */; };
		84D297CF1D9199DA00C4F412 /* ChatListCell.xib in Resources */ = {isa = PBXBuildFile; fileRef = 84D297CE1D9199DA00C4F412 /* ChatListCell.xib */; };
		84D8D9691D0EE93A006C7A62 /* AppDelegate.swift in Sources */ = {isa = PBXBuildFile; fileRef = 84D8D9681D0EE93A006C7A62 /* AppDelegate.swift */; };
		84D8D96B1D0EE93A006C7A62 /* MainViewController.swift in Sources */ = {isa = PBXBuildFile; fileRef = 84D8D96A1D0EE93A006C7A62 /* MainViewController.swift */; };
		84D8D96E1D0EE93A006C7A62 /* Main.storyboard in Resources */ = {isa = PBXBuildFile; fileRef = 84D8D96C1D0EE93A006C7A62 /* Main.storyboard */; };
		84D8D9701D0EE93A006C7A62 /* Assets.xcassets in Resources */ = {isa = PBXBuildFile; fileRef = 84D8D96F1D0EE93A006C7A62 /* Assets.xcassets */; };
		84D8D9731D0EE93A006C7A62 /* LaunchScreen.storyboard in Resources */ = {isa = PBXBuildFile; fileRef = 84D8D9711D0EE93A006C7A62 /* LaunchScreen.storyboard */; };
		84D8D97E1D0EE93A006C7A62 /* RedityTests.swift in Sources */ = {isa = PBXBuildFile; fileRef = 84D8D97D1D0EE93A006C7A62 /* RedityTests.swift */; };
		84D8D9891D0EE93A006C7A62 /* RedityUITests.swift in Sources */ = {isa = PBXBuildFile; fileRef = 84D8D9881D0EE93A006C7A62 /* RedityUITests.swift */; };
		F31B0FF6D0D07A65B639B198 /* Pods_RedityTests.framework in Frameworks */ = {isa = PBXBuildFile; fileRef = 60A265D492480B3DED4EA8FA /* Pods_RedityTests.framework */; };
/* End PBXBuildFile section */

/* Begin PBXContainerItemProxy section */
		84D8D97A1D0EE93A006C7A62 /* PBXContainerItemProxy */ = {
			isa = PBXContainerItemProxy;
			containerPortal = 84D8D95D1D0EE939006C7A62 /* Project object */;
			proxyType = 1;
			remoteGlobalIDString = 84D8D9641D0EE939006C7A62;
			remoteInfo = Redity;
		};
		84D8D9851D0EE93A006C7A62 /* PBXContainerItemProxy */ = {
			isa = PBXContainerItemProxy;
			containerPortal = 84D8D95D1D0EE939006C7A62 /* Project object */;
			proxyType = 1;
			remoteGlobalIDString = 84D8D9641D0EE939006C7A62;
			remoteInfo = Redity;
		};
/* End PBXContainerItemProxy section */

/* Begin PBXFileReference section */
		194205D9001E99A6C78EB545 /* Pods-Redity.debug.xcconfig */ = {isa = PBXFileReference; includeInIndex = 1; lastKnownFileType = text.xcconfig; name = "Pods-Redity.debug.xcconfig"; path = "Pods/Target Support Files/Pods-Redity/Pods-Redity.debug.xcconfig"; sourceTree = "<group>"; };
		3F02291EDE6D72583309CFD3 /* Pods-Redity.release.xcconfig */ = {isa = PBXFileReference; includeInIndex = 1; lastKnownFileType = text.xcconfig; name = "Pods-Redity.release.xcconfig"; path = "Pods/Target Support Files/Pods-Redity/Pods-Redity.release.xcconfig"; sourceTree = "<group>"; };
		46969F455142BE84B9A5E741 /* Pods-RedityTests.release.xcconfig */ = {isa = PBXFileReference; includeInIndex = 1; lastKnownFileType = text.xcconfig; name = "Pods-RedityTests.release.xcconfig"; path = "Pods/Target Support Files/Pods-RedityTests/Pods-RedityTests.release.xcconfig"; sourceTree = "<group>"; };
		60A265D492480B3DED4EA8FA /* Pods_RedityTests.framework */ = {isa = PBXFileReference; explicitFileType = wrapper.framework; includeInIndex = 0; path = Pods_RedityTests.framework; sourceTree = BUILT_PRODUCTS_DIR; };
		8479419C1D3A5830000ABB1C /* PinMapViewController.swift */ = {isa = PBXFileReference; fileEncoding = 4; lastKnownFileType = sourcecode.swift; path = PinMapViewController.swift; sourceTree = "<group>"; };
		84B460B61D32302700CCEBEB /* PlacesViewController.swift */ = {isa = PBXFileReference; fileEncoding = 4; lastKnownFileType = sourcecode.swift; path = PlacesViewController.swift; sourceTree = "<group>"; };
		84B4C3021D26B0DD0001A05A /* General.swift */ = {isa = PBXFileReference; fileEncoding = 4; lastKnownFileType = sourcecode.swift; path = General.swift; sourceTree = "<group>"; };
		84B555121D8C1F79006BE1CF /* PostsViewerViewController.swift */ = {isa = PBXFileReference; fileEncoding = 4; lastKnownFileType = sourcecode.swift; path = PostsViewerViewController.swift; sourceTree = "<group>"; };
		84B9B09E1D8AD4C10014893C /* SettingsTabHolder.swift */ = {isa = PBXFileReference; fileEncoding = 4; lastKnownFileType = sourcecode.swift; path = SettingsTabHolder.swift; sourceTree = "<group>"; };
		84B9B0A21D8AFBBF0014893C /* SettingsCellBig.xib */ = {isa = PBXFileReference; fileEncoding = 4; lastKnownFileType = file.xib; path = SettingsCellBig.xib; sourceTree = "<group>"; };
		84B9B0A41D8AFBC80014893C /* SettingsCellText.xib */ = {isa = PBXFileReference; fileEncoding = 4; lastKnownFileType = file.xib; path = SettingsCellText.xib; sourceTree = "<group>"; };
		84B9B0A61D8AFBD30014893C /* SettingsCellRegular.xib */ = {isa = PBXFileReference; fileEncoding = 4; lastKnownFileType = file.xib; path = SettingsCellRegular.xib; sourceTree = "<group>"; };
		84BA00BD1D58BFDA007AED50 /* AddPostViewController.swift */ = {isa = PBXFileReference; fileEncoding = 4; lastKnownFileType = sourcecode.swift; path = AddPostViewController.swift; sourceTree = "<group>"; };
		84BF98861D1BD8030031A13D /* FilterCellArea.xib */ = {isa = PBXFileReference; fileEncoding = 4; lastKnownFileType = file.xib; path = FilterCellArea.xib; sourceTree = "<group>"; };
		84BF98881D1C13DA0031A13D /* FilterCellGender.xib */ = {isa = PBXFileReference; fileEncoding = 4; lastKnownFileType = file.xib; path = FilterCellGender.xib; sourceTree = "<group>"; };
		84BF988A1D1C1FAB0031A13D /* FilterCellTimeframe.xib */ = {isa = PBXFileReference; fileEncoding = 4; lastKnownFileType = file.xib; path = FilterCellTimeframe.xib; sourceTree = "<group>"; };
		84BF988C1D1C1FB50031A13D /* FilterCellTimeframePicker.xib */ = {isa = PBXFileReference; fileEncoding = 4; lastKnownFileType = file.xib; path = FilterCellTimeframePicker.xib; sourceTree = "<group>"; };
		84C110731D294197009067FE /* MapViewController.swift */ = {isa = PBXFileReference; fileEncoding = 4; lastKnownFileType = sourcecode.swift; path = MapViewController.swift; sourceTree = "<group>"; };
		84C145911D1ABC77002CFF88 /* SF-UI-Text-Medium.ttf */ = {isa = PBXFileReference; lastKnownFileType = file; path = "SF-UI-Text-Medium.ttf"; sourceTree = "<group>"; };
		84C145921D1ABC77002CFF88 /* SF-UI-Text-Regular.ttf */ = {isa = PBXFileReference; lastKnownFileType = file; path = "SF-UI-Text-Regular.ttf"; sourceTree = "<group>"; };
		84C145931D1ABC77002CFF88 /* SF-UI-Text-Semibold.ttf */ = {isa = PBXFileReference; lastKnownFileType = file; path = "SF-UI-Text-Semibold.ttf"; sourceTree = "<group>"; };
		84C145971D1ABE5D002CFF88 /* GeneralData.swift */ = {isa = PBXFileReference; fileEncoding = 4; lastKnownFileType = sourcecode.swift; path = GeneralData.swift; sourceTree = "<group>"; };
		84C1459B1D1AED5D002CFF88 /* MyTableCells.swift */ = {isa = PBXFileReference; fileEncoding = 4; lastKnownFileType = sourcecode.swift; path = MyTableCells.swift; sourceTree = "<group>"; };
		84C1459D1D1AEE66002CFF88 /* FilterTextCell.xib */ = {isa = PBXFileReference; fileEncoding = 4; lastKnownFileType = file.xib; name = FilterTextCell.xib; path = ../FilterTextCell.xib; sourceTree = "<group>"; };
		84C1459F1D1AF8D8002CFF88 /* FilterCellHead.xib */ = {isa = PBXFileReference; fileEncoding = 4; lastKnownFileType = file.xib; path = FilterCellHead.xib; sourceTree = "<group>"; };
		84C22BB21D48DB3D00EB231F /* origin_data1.json */ = {isa = PBXFileReference; fileEncoding = 4; lastKnownFileType = text.json; path = origin_data1.json; sourceTree = "<group>"; };
		84C22BB41D48DBA800EB231F /* add_data1.json */ = {isa = PBXFileReference; fileEncoding = 4; lastKnownFileType = text.json; path = add_data1.json; sourceTree = "<group>"; };
		84C22BBA1D48E22F00EB231F /* geo_pins_data1.json */ = {isa = PBXFileReference; fileEncoding = 4; lastKnownFileType = text.json; path = geo_pins_data1.json; sourceTree = "<group>"; };
		84C22BBB1D48E22F00EB231F /* geo_pins_data2.json */ = {isa = PBXFileReference; fileEncoding = 4; lastKnownFileType = text.json; path = geo_pins_data2.json; sourceTree = "<group>"; };
		84C51FEE1D3FEA0E0028141E /* geo_json.json */ = {isa = PBXFileReference; fileEncoding = 4; lastKnownFileType = text.json; path = geo_json.json; sourceTree = "<group>"; };
		84C647361D1FCB78008065C1 /* SF-UI-Text-Bold.ttf */ = {isa = PBXFileReference; lastKnownFileType = file; path = "SF-UI-Text-Bold.ttf"; sourceTree = "<group>"; };
		84C6EF341D467C3A001A0569 /* add_data2.json */ = {isa = PBXFileReference; fileEncoding = 4; lastKnownFileType = text.json; path = add_data2.json; sourceTree = "<group>"; };
		84C6EF351D467C3A001A0569 /* origin_data2.json */ = {isa = PBXFileReference; fileEncoding = 4; lastKnownFileType = text.json; path = origin_data2.json; sourceTree = "<group>"; };
		84C8B0B71D25640300BD6B62 /* OnePostViewController.swift */ = {isa = PBXFileReference; fileEncoding = 4; lastKnownFileType = sourcecode.swift; path = OnePostViewController.swift; sourceTree = "<group>"; };
		84CF4B241D182DDB00A5BB6B /* GothamProMedium.otf */ = {isa = PBXFileReference; lastKnownFileType = file; path = GothamProMedium.otf; sourceTree = "<group>"; };
		84D297CA1D9177E700C4F412 /* ChatViewController.swift */ = {isa = PBXFileReference; fileEncoding = 4; lastKnownFileType = sourcecode.swift; path = ChatViewController.swift; sourceTree = "<group>"; };
		84D297CC1D9190D000C4F412 /* ChatsListViewController.swift */ = {isa = PBXFileReference; fileEncoding = 4; lastKnownFileType = sourcecode.swift; path = ChatsListViewController.swift; sourceTree = "<group>"; };
		84D297CE1D9199DA00C4F412 /* ChatListCell.xib */ = {isa = PBXFileReference; fileEncoding = 4; lastKnownFileType = file.xib; path = ChatListCell.xib; sourceTree = "<group>"; };
		84D8D9651D0EE93A006C7A62 /* Redity.app */ = {isa = PBXFileReference; explicitFileType = wrapper.application; includeInIndex = 0; path = Redity.app; sourceTree = BUILT_PRODUCTS_DIR; };
		84D8D9681D0EE93A006C7A62 /* AppDelegate.swift */ = {isa = PBXFileReference; lastKnownFileType = sourcecode.swift; path = AppDelegate.swift; sourceTree = "<group>"; };
		84D8D96A1D0EE93A006C7A62 /* MainViewController.swift */ = {isa = PBXFileReference; lastKnownFileType = sourcecode.swift; path = MainViewController.swift; sourceTree = "<group>"; };
		84D8D96D1D0EE93A006C7A62 /* Base */ = {isa = PBXFileReference; lastKnownFileType = file.storyboard; name = Base; path = Base.lproj/Main.storyboard; sourceTree = "<group>"; };
		84D8D96F1D0EE93A006C7A62 /* Assets.xcassets */ = {isa = PBXFileReference; lastKnownFileType = folder.assetcatalog; path = Assets.xcassets; sourceTree = "<group>"; };
		84D8D9721D0EE93A006C7A62 /* Base */ = {isa = PBXFileReference; lastKnownFileType = file.storyboard; name = Base; path = Base.lproj/LaunchScreen.storyboard; sourceTree = "<group>"; };
		84D8D9741D0EE93A006C7A62 /* Info.plist */ = {isa = PBXFileReference; lastKnownFileType = text.plist.xml; path = Info.plist; sourceTree = "<group>"; };
		84D8D9791D0EE93A006C7A62 /* RedityTests.xctest */ = {isa = PBXFileReference; explicitFileType = wrapper.cfbundle; includeInIndex = 0; path = RedityTests.xctest; sourceTree = BUILT_PRODUCTS_DIR; };
		84D8D97D1D0EE93A006C7A62 /* RedityTests.swift */ = {isa = PBXFileReference; lastKnownFileType = sourcecode.swift; path = RedityTests.swift; sourceTree = "<group>"; };
		84D8D97F1D0EE93A006C7A62 /* Info.plist */ = {isa = PBXFileReference; lastKnownFileType = text.plist.xml; path = Info.plist; sourceTree = "<group>"; };
		84D8D9841D0EE93A006C7A62 /* RedityUITests.xctest */ = {isa = PBXFileReference; explicitFileType = wrapper.cfbundle; includeInIndex = 0; path = RedityUITests.xctest; sourceTree = BUILT_PRODUCTS_DIR; };
		84D8D9881D0EE93A006C7A62 /* RedityUITests.swift */ = {isa = PBXFileReference; lastKnownFileType = sourcecode.swift; path = RedityUITests.swift; sourceTree = "<group>"; };
		84D8D98A1D0EE93A006C7A62 /* Info.plist */ = {isa = PBXFileReference; lastKnownFileType = text.plist.xml; path = Info.plist; sourceTree = "<group>"; };
		9650455DF843788A29A1EA9F /* Pods-RedityUITests.release.xcconfig */ = {isa = PBXFileReference; includeInIndex = 1; lastKnownFileType = text.xcconfig; name = "Pods-RedityUITests.release.xcconfig"; path = "Pods/Target Support Files/Pods-RedityUITests/Pods-RedityUITests.release.xcconfig"; sourceTree = "<group>"; };
		99B5616EA8B3B5D1E3C670D0 /* Pods_Redity.framework */ = {isa = PBXFileReference; explicitFileType = wrapper.framework; includeInIndex = 0; path = Pods_Redity.framework; sourceTree = BUILT_PRODUCTS_DIR; };
		C8CF5F2E7231B285267B1478 /* Pods_RedityUITests.framework */ = {isa = PBXFileReference; explicitFileType = wrapper.framework; includeInIndex = 0; path = Pods_RedityUITests.framework; sourceTree = BUILT_PRODUCTS_DIR; };
		E38E077D42849E2710AA7F89 /* Pods-RedityUITests.debug.xcconfig */ = {isa = PBXFileReference; includeInIndex = 1; lastKnownFileType = text.xcconfig; name = "Pods-RedityUITests.debug.xcconfig"; path = "Pods/Target Support Files/Pods-RedityUITests/Pods-RedityUITests.debug.xcconfig"; sourceTree = "<group>"; };
		E87243D858ED390B417DA5F4 /* Pods-RedityTests.debug.xcconfig */ = {isa = PBXFileReference; includeInIndex = 1; lastKnownFileType = text.xcconfig; name = "Pods-RedityTests.debug.xcconfig"; path = "Pods/Target Support Files/Pods-RedityTests/Pods-RedityTests.debug.xcconfig"; sourceTree = "<group>"; };
/* End PBXFileReference section */

/* Begin PBXFrameworksBuildPhase section */
		84D8D9621D0EE939006C7A62 /* Frameworks */ = {
			isa = PBXFrameworksBuildPhase;
			buildActionMask = 2147483647;
			files = (
				1F30BBC2F11F8BB197ADA296 /* Pods_Redity.framework in Frameworks */,
			);
			runOnlyForDeploymentPostprocessing = 0;
		};
		84D8D9761D0EE93A006C7A62 /* Frameworks */ = {
			isa = PBXFrameworksBuildPhase;
			buildActionMask = 2147483647;
			files = (
				F31B0FF6D0D07A65B639B198 /* Pods_RedityTests.framework in Frameworks */,
			);
			runOnlyForDeploymentPostprocessing = 0;
		};
		84D8D9811D0EE93A006C7A62 /* Frameworks */ = {
			isa = PBXFrameworksBuildPhase;
			buildActionMask = 2147483647;
			files = (
				5270260D1F9FADC0F2C1CB42 /* Pods_RedityUITests.framework in Frameworks */,
			);
			runOnlyForDeploymentPostprocessing = 0;
		};
/* End PBXFrameworksBuildPhase section */

/* Begin PBXGroup section */
		11F388AAB9152F14A2F95A86 /* Frameworks */ = {
			isa = PBXGroup;
			children = (
				99B5616EA8B3B5D1E3C670D0 /* Pods_Redity.framework */,
				60A265D492480B3DED4EA8FA /* Pods_RedityTests.framework */,
				C8CF5F2E7231B285267B1478 /* Pods_RedityUITests.framework */,
			);
			name = Frameworks;
			sourceTree = "<group>";
		};
		24165F2533CAC627033E63E9 /* Pods */ = {
			isa = PBXGroup;
			children = (
				194205D9001E99A6C78EB545 /* Pods-Redity.debug.xcconfig */,
				3F02291EDE6D72583309CFD3 /* Pods-Redity.release.xcconfig */,
				E87243D858ED390B417DA5F4 /* Pods-RedityTests.debug.xcconfig */,
				46969F455142BE84B9A5E741 /* Pods-RedityTests.release.xcconfig */,
				E38E077D42849E2710AA7F89 /* Pods-RedityUITests.debug.xcconfig */,
				9650455DF843788A29A1EA9F /* Pods-RedityUITests.release.xcconfig */,
			);
			name = Pods;
			sourceTree = "<group>";
		};
		84D8D95C1D0EE939006C7A62 = {
			isa = PBXGroup;
			children = (
				84D8D9671D0EE93A006C7A62 /* Redity */,
				84D8D97C1D0EE93A006C7A62 /* RedityTests */,
				84D8D9871D0EE93A006C7A62 /* RedityUITests */,
				84D8D9661D0EE93A006C7A62 /* Products */,
				24165F2533CAC627033E63E9 /* Pods */,
				11F388AAB9152F14A2F95A86 /* Frameworks */,
			);
			sourceTree = "<group>";
		};
		84D8D9661D0EE93A006C7A62 /* Products */ = {
			isa = PBXGroup;
			children = (
				84D8D9651D0EE93A006C7A62 /* Redity.app */,
				84D8D9791D0EE93A006C7A62 /* RedityTests.xctest */,
				84D8D9841D0EE93A006C7A62 /* RedityUITests.xctest */,
			);
			name = Products;
			sourceTree = "<group>";
		};
		84D8D9671D0EE93A006C7A62 /* Redity */ = {
			isa = PBXGroup;
			children = (
				84C1459D1D1AEE66002CFF88 /* FilterTextCell.xib */,
				84C1459F1D1AF8D8002CFF88 /* FilterCellHead.xib */,
				84BF98861D1BD8030031A13D /* FilterCellArea.xib */,
				84D8D96A1D0EE93A006C7A62 /* MainViewController.swift */,
				84B9B09E1D8AD4C10014893C /* SettingsTabHolder.swift */,
				84B555121D8C1F79006BE1CF /* PostsViewerViewController.swift */,
				84D8D9681D0EE93A006C7A62 /* AppDelegate.swift */,
				84B9B0A21D8AFBBF0014893C /* SettingsCellBig.xib */,
				84B9B0A41D8AFBC80014893C /* SettingsCellText.xib */,
				84B9B0A61D8AFBD30014893C /* SettingsCellRegular.xib */,
				84BA00BD1D58BFDA007AED50 /* AddPostViewController.swift */,
				84D297CA1D9177E700C4F412 /* ChatViewController.swift */,
				84D297CC1D9190D000C4F412 /* ChatsListViewController.swift */,
				84D297CE1D9199DA00C4F412 /* ChatListCell.xib */,
				84B4C3021D26B0DD0001A05A /* General.swift */,
				84BF988A1D1C1FAB0031A13D /* FilterCellTimeframe.xib */,
				84BF988C1D1C1FB50031A13D /* FilterCellTimeframePicker.xib */,
				84C1459B1D1AED5D002CFF88 /* MyTableCells.swift */,
				84BF98881D1C13DA0031A13D /* FilterCellGender.xib */,
				84D8D96C1D0EE93A006C7A62 /* Main.storyboard */,
				8479419C1D3A5830000ABB1C /* PinMapViewController.swift */,
				84B460B61D32302700CCEBEB /* PlacesViewController.swift */,
				84C110731D294197009067FE /* MapViewController.swift */,
				84C8B0B71D25640300BD6B62 /* OnePostViewController.swift */,
				84C145971D1ABE5D002CFF88 /* GeneralData.swift */,
				84CF4B241D182DDB00A5BB6B /* GothamProMedium.otf */,
				84D8D96F1D0EE93A006C7A62 /* Assets.xcassets */,
				84D8D9711D0EE93A006C7A62 /* LaunchScreen.storyboard */,
				84C145911D1ABC77002CFF88 /* SF-UI-Text-Medium.ttf */,
				84C145921D1ABC77002CFF88 /* SF-UI-Text-Regular.ttf */,
				84C145931D1ABC77002CFF88 /* SF-UI-Text-Semibold.ttf */,
				84C647361D1FCB78008065C1 /* SF-UI-Text-Bold.ttf */,
				84D8D9741D0EE93A006C7A62 /* Info.plist */,
				84C51FEE1D3FEA0E0028141E /* geo_json.json */,
				84C22BB41D48DBA800EB231F /* add_data1.json */,
				84C22BBA1D48E22F00EB231F /* geo_pins_data1.json */,
				84C22BBB1D48E22F00EB231F /* geo_pins_data2.json */,
				84C6EF341D467C3A001A0569 /* add_data2.json */,
				84C22BB21D48DB3D00EB231F /* origin_data1.json */,
				84C6EF351D467C3A001A0569 /* origin_data2.json */,
			);
			path = Redity;
			sourceTree = "<group>";
		};
		84D8D97C1D0EE93A006C7A62 /* RedityTests */ = {
			isa = PBXGroup;
			children = (
				84D8D97D1D0EE93A006C7A62 /* RedityTests.swift */,
				84D8D97F1D0EE93A006C7A62 /* Info.plist */,
			);
			path = RedityTests;
			sourceTree = "<group>";
		};
		84D8D9871D0EE93A006C7A62 /* RedityUITests */ = {
			isa = PBXGroup;
			children = (
				84D8D9881D0EE93A006C7A62 /* RedityUITests.swift */,
				84D8D98A1D0EE93A006C7A62 /* Info.plist */,
			);
			path = RedityUITests;
			sourceTree = "<group>";
		};
/* End PBXGroup section */

/* Begin PBXNativeTarget section */
		84D8D9641D0EE939006C7A62 /* Redity */ = {
			isa = PBXNativeTarget;
			buildConfigurationList = 84D8D98D1D0EE93A006C7A62 /* Build configuration list for PBXNativeTarget "Redity" */;
			buildPhases = (
				C97E430E243E4891B85574B5 /* [CP] Check Pods Manifest.lock */,
				84D8D9611D0EE939006C7A62 /* Sources */,
				84D8D9621D0EE939006C7A62 /* Frameworks */,
				84D8D9631D0EE939006C7A62 /* Resources */,
				9394601F54114B2D223DE07B /* [CP] Embed Pods Frameworks */,
				F36A1A05D7261B4094FB0E4E /* [CP] Copy Pods Resources */,
			);
			buildRules = (
			);
			dependencies = (
			);
			name = Redity;
			productName = Redity;
			productReference = 84D8D9651D0EE93A006C7A62 /* Redity.app */;
			productType = "com.apple.product-type.application";
		};
		84D8D9781D0EE93A006C7A62 /* RedityTests */ = {
			isa = PBXNativeTarget;
			buildConfigurationList = 84D8D9901D0EE93A006C7A62 /* Build configuration list for PBXNativeTarget "RedityTests" */;
			buildPhases = (
				EA74D84C91220F869A1C6FE5 /* [CP] Check Pods Manifest.lock */,
				84D8D9751D0EE93A006C7A62 /* Sources */,
				84D8D9761D0EE93A006C7A62 /* Frameworks */,
				84D8D9771D0EE93A006C7A62 /* Resources */,
				3710F8AAF74B80B12C405E59 /* [CP] Embed Pods Frameworks */,
				04A39981AED38A6B0FFE5312 /* [CP] Copy Pods Resources */,
			);
			buildRules = (
			);
			dependencies = (
				84D8D97B1D0EE93A006C7A62 /* PBXTargetDependency */,
			);
			name = RedityTests;
			productName = RedityTests;
			productReference = 84D8D9791D0EE93A006C7A62 /* RedityTests.xctest */;
			productType = "com.apple.product-type.bundle.unit-test";
		};
		84D8D9831D0EE93A006C7A62 /* RedityUITests */ = {
			isa = PBXNativeTarget;
			buildConfigurationList = 84D8D9931D0EE93A006C7A62 /* Build configuration list for PBXNativeTarget "RedityUITests" */;
			buildPhases = (
				CD5F495F9F0FCC83C098E0A1 /* [CP] Check Pods Manifest.lock */,
				84D8D9801D0EE93A006C7A62 /* Sources */,
				84D8D9811D0EE93A006C7A62 /* Frameworks */,
				84D8D9821D0EE93A006C7A62 /* Resources */,
				C373550554351CB91BC84AD4 /* [CP] Copy Pods Resources */,
			);
			buildRules = (
			);
			dependencies = (
				84D8D9861D0EE93A006C7A62 /* PBXTargetDependency */,
			);
			name = RedityUITests;
			productName = RedityUITests;
			productReference = 84D8D9841D0EE93A006C7A62 /* RedityUITests.xctest */;
			productType = "com.apple.product-type.bundle.ui-testing";
		};
/* End PBXNativeTarget section */

/* Begin PBXProject section */
		84D8D95D1D0EE939006C7A62 /* Project object */ = {
			isa = PBXProject;
			attributes = {
				LastSwiftUpdateCheck = 0720;
				LastUpgradeCheck = 0720;
				ORGANIZATIONNAME = Vanoproduction;
				TargetAttributes = {
					84D8D9641D0EE939006C7A62 = {
						CreatedOnToolsVersion = 7.2.1;
					};
					84D8D9781D0EE93A006C7A62 = {
						CreatedOnToolsVersion = 7.2.1;
						TestTargetID = 84D8D9641D0EE939006C7A62;
					};
					84D8D9831D0EE93A006C7A62 = {
						CreatedOnToolsVersion = 7.2.1;
						TestTargetID = 84D8D9641D0EE939006C7A62;
					};
				};
			};
			buildConfigurationList = 84D8D9601D0EE939006C7A62 /* Build configuration list for PBXProject "Redity" */;
			compatibilityVersion = "Xcode 3.2";
			developmentRegion = English;
			hasScannedForEncodings = 0;
			knownRegions = (
				en,
				Base,
			);
			mainGroup = 84D8D95C1D0EE939006C7A62;
			productRefGroup = 84D8D9661D0EE93A006C7A62 /* Products */;
			projectDirPath = "";
			projectRoot = "";
			targets = (
				84D8D9641D0EE939006C7A62 /* Redity */,
				84D8D9781D0EE93A006C7A62 /* RedityTests */,
				84D8D9831D0EE93A006C7A62 /* RedityUITests */,
			);
		};
/* End PBXProject section */

/* Begin PBXResourcesBuildPhase section */
		84D8D9631D0EE939006C7A62 /* Resources */ = {
			isa = PBXResourcesBuildPhase;
			buildActionMask = 2147483647;
			files = (
				84CF4B251D182DDB00A5BB6B /* GothamProMedium.otf in Resources */,
				84C22BB51D48DBA800EB231F /* add_data1.json in Resources */,
				84D8D9731D0EE93A006C7A62 /* LaunchScreen.storyboard in Resources */,
				84BF98871D1BD8030031A13D /* FilterCellArea.xib in Resources */,
				84C22BB31D48DB3D00EB231F /* origin_data1.json in Resources */,
				84C145961D1ABC77002CFF88 /* SF-UI-Text-Semibold.ttf in Resources */,
				84C6EF371D467C3A001A0569 /* origin_data2.json in Resources */,
				84D8D9701D0EE93A006C7A62 /* Assets.xcassets in Resources */,
				84C51FEF1D3FEA0E0028141E /* geo_json.json in Resources */,
				84C647371D1FCB78008065C1 /* SF-UI-Text-Bold.ttf in Resources */,
				84B9B0A51D8AFBC80014893C /* SettingsCellText.xib in Resources */,
				84C22BBD1D48E22F00EB231F /* geo_pins_data2.json in Resources */,
				84C6EF361D467C3A001A0569 /* add_data2.json in Resources */,
				84C145951D1ABC77002CFF88 /* SF-UI-Text-Regular.ttf in Resources */,
				84C145941D1ABC77002CFF88 /* SF-UI-Text-Medium.ttf in Resources */,
				84B9B0A71D8AFBD30014893C /* SettingsCellRegular.xib in Resources */,
				84C22BBC1D48E22F00EB231F /* geo_pins_data1.json in Resources */,
				84D297CF1D9199DA00C4F412 /* ChatListCell.xib in Resources */,
				84C1459E1D1AEE66002CFF88 /* FilterTextCell.xib in Resources */,
				84BF988B1D1C1FAB0031A13D /* FilterCellTimeframe.xib in Resources */,
				84D8D96E1D0EE93A006C7A62 /* Main.storyboard in Resources */,
				84BF98891D1C13DA0031A13D /* FilterCellGender.xib in Resources */,
				84C145A01D1AF8D8002CFF88 /* FilterCellHead.xib in Resources */,
				84B9B0A31D8AFBBF0014893C /* SettingsCellBig.xib in Resources */,
				84BF988D1D1C1FB50031A13D /* FilterCellTimeframePicker.xib in Resources */,
			);
			runOnlyForDeploymentPostprocessing = 0;
		};
		84D8D9771D0EE93A006C7A62 /* Resources */ = {
			isa = PBXResourcesBuildPhase;
			buildActionMask = 2147483647;
			files = (
			);
			runOnlyForDeploymentPostprocessing = 0;
		};
		84D8D9821D0EE93A006C7A62 /* Resources */ = {
			isa = PBXResourcesBuildPhase;
			buildActionMask = 2147483647;
			files = (
			);
			runOnlyForDeploymentPostprocessing = 0;
		};
/* End PBXResourcesBuildPhase section */

/* Begin PBXShellScriptBuildPhase section */
		04A39981AED38A6B0FFE5312 /* [CP] Copy Pods Resources */ = {
			isa = PBXShellScriptBuildPhase;
			buildActionMask = 2147483647;
			files = (
			);
			inputPaths = (
			);
			name = "[CP] Copy Pods Resources";
			outputPaths = (
			);
			runOnlyForDeploymentPostprocessing = 0;
			shellPath = /bin/sh;
			shellScript = "\"${SRCROOT}/Pods/Target Support Files/Pods-RedityTests/Pods-RedityTests-resources.sh\"\n";
			showEnvVarsInLog = 0;
		};
		3710F8AAF74B80B12C405E59 /* [CP] Embed Pods Frameworks */ = {
			isa = PBXShellScriptBuildPhase;
			buildActionMask = 2147483647;
			files = (
			);
			inputPaths = (
			);
			name = "[CP] Embed Pods Frameworks";
			outputPaths = (
			);
			runOnlyForDeploymentPostprocessing = 0;
			shellPath = /bin/sh;
			shellScript = "\"${SRCROOT}/Pods/Target Support Files/Pods-RedityTests/Pods-RedityTests-frameworks.sh\"\n";
			showEnvVarsInLog = 0;
		};
		9394601F54114B2D223DE07B /* [CP] Embed Pods Frameworks */ = {
			isa = PBXShellScriptBuildPhase;
			buildActionMask = 2147483647;
			files = (
			);
			inputPaths = (
			);
			name = "[CP] Embed Pods Frameworks";
			outputPaths = (
			);
			runOnlyForDeploymentPostprocessing = 0;
			shellPath = /bin/sh;
			shellScript = "\"${SRCROOT}/Pods/Target Support Files/Pods-Redity/Pods-Redity-frameworks.sh\"\n";
			showEnvVarsInLog = 0;
		};
		C373550554351CB91BC84AD4 /* [CP] Copy Pods Resources */ = {
			isa = PBXShellScriptBuildPhase;
			buildActionMask = 2147483647;
			files = (
			);
			inputPaths = (
			);
			name = "[CP] Copy Pods Resources";
			outputPaths = (
			);
			runOnlyForDeploymentPostprocessing = 0;
			shellPath = /bin/sh;
			shellScript = "\"${SRCROOT}/Pods/Target Support Files/Pods-RedityUITests/Pods-RedityUITests-resources.sh\"\n";
			showEnvVarsInLog = 0;
		};
		C97E430E243E4891B85574B5 /* [CP] Check Pods Manifest.lock */ = {
			isa = PBXShellScriptBuildPhase;
			buildActionMask = 2147483647;
			files = (
			);
			inputPaths = (
			);
			name = "[CP] Check Pods Manifest.lock";
			outputPaths = (
			);
			runOnlyForDeploymentPostprocessing = 0;
			shellPath = /bin/sh;
			shellScript = "diff \"${PODS_ROOT}/../Podfile.lock\" \"${PODS_ROOT}/Manifest.lock\" > /dev/null\nif [[ $? != 0 ]] ; then\n    cat << EOM\nerror: The sandbox is not in sync with the Podfile.lock. Run 'pod install' or update your CocoaPods installation.\nEOM\n    exit 1\nfi\n";
			showEnvVarsInLog = 0;
		};
		CD5F495F9F0FCC83C098E0A1 /* [CP] Check Pods Manifest.lock */ = {
			isa = PBXShellScriptBuildPhase;
			buildActionMask = 2147483647;
			files = (
			);
			inputPaths = (
			);
			name = "[CP] Check Pods Manifest.lock";
			outputPaths = (
			);
			runOnlyForDeploymentPostprocessing = 0;
			shellPath = /bin/sh;
			shellScript = "diff \"${PODS_ROOT}/../Podfile.lock\" \"${PODS_ROOT}/Manifest.lock\" > /dev/null\nif [[ $? != 0 ]] ; then\n    cat << EOM\nerror: The sandbox is not in sync with the Podfile.lock. Run 'pod install' or update your CocoaPods installation.\nEOM\n    exit 1\nfi\n";
			showEnvVarsInLog = 0;
		};
		EA74D84C91220F869A1C6FE5 /* [CP] Check Pods Manifest.lock */ = {
			isa = PBXShellScriptBuildPhase;
			buildActionMask = 2147483647;
			files = (
			);
			inputPaths = (
			);
			name = "[CP] Check Pods Manifest.lock";
			outputPaths = (
			);
			runOnlyForDeploymentPostprocessing = 0;
			shellPath = /bin/sh;
			shellScript = "diff \"${PODS_ROOT}/../Podfile.lock\" \"${PODS_ROOT}/Manifest.lock\" > /dev/null\nif [[ $? != 0 ]] ; then\n    cat << EOM\nerror: The sandbox is not in sync with the Podfile.lock. Run 'pod install' or update your CocoaPods installation.\nEOM\n    exit 1\nfi\n";
			showEnvVarsInLog = 0;
		};
		F36A1A05D7261B4094FB0E4E /* [CP] Copy Pods Resources */ = {
			isa = PBXShellScriptBuildPhase;
			buildActionMask = 2147483647;
			files = (
			);
			inputPaths = (
			);
			name = "[CP] Copy Pods Resources";
			outputPaths = (
			);
			runOnlyForDeploymentPostprocessing = 0;
			shellPath = /bin/sh;
			shellScript = "\"${SRCROOT}/Pods/Target Support Files/Pods-Redity/Pods-Redity-resources.sh\"\n";
			showEnvVarsInLog = 0;
		};
/* End PBXShellScriptBuildPhase section */

/* Begin PBXSourcesBuildPhase section */
		84D8D9611D0EE939006C7A62 /* Sources */ = {
			isa = PBXSourcesBuildPhase;
			buildActionMask = 2147483647;
			files = (
				8479419D1D3A5830000ABB1C /* PinMapViewController.swift in Sources */,
				84B4C3031D26B0DD0001A05A /* General.swift in Sources */,
				84D8D96B1D0EE93A006C7A62 /* MainViewController.swift in Sources */,
				84B9B09F1D8AD4C10014893C /* SettingsTabHolder.swift in Sources */,
				84B555131D8C1F79006BE1CF /* PostsViewerViewController.swift in Sources */,
				84C145981D1ABE5D002CFF88 /* GeneralData.swift in Sources */,
				84C1459C1D1AED5D002CFF88 /* MyTableCells.swift in Sources */,
				84B460B71D32302700CCEBEB /* PlacesViewController.swift in Sources */,
				84BA00BE1D58BFDA007AED50 /* AddPostViewController.swift in Sources */,
				84D297CB1D9177E700C4F412 /* ChatViewController.swift in Sources */,
				84D8D9691D0EE93A006C7A62 /* AppDelegate.swift in Sources */,
				84C8B0B81D25640300BD6B62 /* OnePostViewController.swift in Sources */,
				84D297CD1D9190D000C4F412 /* ChatsListViewController.swift in Sources */,
				84C110741D294197009067FE /* MapViewController.swift in Sources */,
			);
			runOnlyForDeploymentPostprocessing = 0;
		};
		84D8D9751D0EE93A006C7A62 /* Sources */ = {
			isa = PBXSourcesBuildPhase;
			buildActionMask = 2147483647;
			files = (
				84D8D97E1D0EE93A006C7A62 /* RedityTests.swift in Sources */,
			);
			runOnlyForDeploymentPostprocessing = 0;
		};
		84D8D9801D0EE93A006C7A62 /* Sources */ = {
			isa = PBXSourcesBuildPhase;
			buildActionMask = 2147483647;
			files = (
				84D8D9891D0EE93A006C7A62 /* RedityUITests.swift in Sources */,
			);
			runOnlyForDeploymentPostprocessing = 0;
		};
/* End PBXSourcesBuildPhase section */

/* Begin PBXTargetDependency section */
		84D8D97B1D0EE93A006C7A62 /* PBXTargetDependency */ = {
			isa = PBXTargetDependency;
			target = 84D8D9641D0EE939006C7A62 /* Redity */;
			targetProxy = 84D8D97A1D0EE93A006C7A62 /* PBXContainerItemProxy */;
		};
		84D8D9861D0EE93A006C7A62 /* PBXTargetDependency */ = {
			isa = PBXTargetDependency;
			target = 84D8D9641D0EE939006C7A62 /* Redity */;
			targetProxy = 84D8D9851D0EE93A006C7A62 /* PBXContainerItemProxy */;
		};
/* End PBXTargetDependency section */

/* Begin PBXVariantGroup section */
		84D8D96C1D0EE93A006C7A62 /* Main.storyboard */ = {
			isa = PBXVariantGroup;
			children = (
				84D8D96D1D0EE93A006C7A62 /* Base */,
			);
			name = Main.storyboard;
			sourceTree = "<group>";
		};
		84D8D9711D0EE93A006C7A62 /* LaunchScreen.storyboard */ = {
			isa = PBXVariantGroup;
			children = (
				84D8D9721D0EE93A006C7A62 /* Base */,
			);
			name = LaunchScreen.storyboard;
			sourceTree = "<group>";
		};
/* End PBXVariantGroup section */

/* Begin XCBuildConfiguration section */
		84D8D98B1D0EE93A006C7A62 /* Debug */ = {
			isa = XCBuildConfiguration;
			buildSettings = {
				ALWAYS_SEARCH_USER_PATHS = NO;
				CLANG_CXX_LANGUAGE_STANDARD = "gnu++0x";
				CLANG_CXX_LIBRARY = "libc++";
				CLANG_ENABLE_MODULES = YES;
				CLANG_ENABLE_OBJC_ARC = YES;
				CLANG_WARN_BOOL_CONVERSION = YES;
				CLANG_WARN_CONSTANT_CONVERSION = YES;
				CLANG_WARN_DIRECT_OBJC_ISA_USAGE = YES_ERROR;
				CLANG_WARN_EMPTY_BODY = YES;
				CLANG_WARN_ENUM_CONVERSION = YES;
				CLANG_WARN_INT_CONVERSION = YES;
				CLANG_WARN_OBJC_ROOT_CLASS = YES_ERROR;
				CLANG_WARN_UNREACHABLE_CODE = YES;
				CLANG_WARN__DUPLICATE_METHOD_MATCH = YES;
				"CODE_SIGN_IDENTITY[sdk=iphoneos*]" = "iPhone Developer";
				COPY_PHASE_STRIP = NO;
				DEBUG_INFORMATION_FORMAT = dwarf;
				ENABLE_STRICT_OBJC_MSGSEND = YES;
				ENABLE_TESTABILITY = YES;
				GCC_C_LANGUAGE_STANDARD = gnu99;
				GCC_DYNAMIC_NO_PIC = NO;
				GCC_NO_COMMON_BLOCKS = YES;
				GCC_OPTIMIZATION_LEVEL = 0;
				GCC_PREPROCESSOR_DEFINITIONS = (
					"DEBUG=1",
					"$(inherited)",
				);
				GCC_WARN_64_TO_32_BIT_CONVERSION = YES;
				GCC_WARN_ABOUT_RETURN_TYPE = YES_ERROR;
				GCC_WARN_UNDECLARED_SELECTOR = YES;
				GCC_WARN_UNINITIALIZED_AUTOS = YES_AGGRESSIVE;
				GCC_WARN_UNUSED_FUNCTION = YES;
				GCC_WARN_UNUSED_VARIABLE = YES;
				IPHONEOS_DEPLOYMENT_TARGET = 9.2;
				MTL_ENABLE_DEBUG_INFO = YES;
				ONLY_ACTIVE_ARCH = YES;
				SDKROOT = iphoneos;
				SWIFT_OPTIMIZATION_LEVEL = "-Onone";
				TARGETED_DEVICE_FAMILY = "1,2";
			};
			name = Debug;
		};
		84D8D98C1D0EE93A006C7A62 /* Release */ = {
			isa = XCBuildConfiguration;
			buildSettings = {
				ALWAYS_SEARCH_USER_PATHS = NO;
				CLANG_CXX_LANGUAGE_STANDARD = "gnu++0x";
				CLANG_CXX_LIBRARY = "libc++";
				CLANG_ENABLE_MODULES = YES;
				CLANG_ENABLE_OBJC_ARC = YES;
				CLANG_WARN_BOOL_CONVERSION = YES;
				CLANG_WARN_CONSTANT_CONVERSION = YES;
				CLANG_WARN_DIRECT_OBJC_ISA_USAGE = YES_ERROR;
				CLANG_WARN_EMPTY_BODY = YES;
				CLANG_WARN_ENUM_CONVERSION = YES;
				CLANG_WARN_INT_CONVERSION = YES;
				CLANG_WARN_OBJC_ROOT_CLASS = YES_ERROR;
				CLANG_WARN_UNREACHABLE_CODE = YES;
				CLANG_WARN__DUPLICATE_METHOD_MATCH = YES;
				"CODE_SIGN_IDENTITY[sdk=iphoneos*]" = "iPhone Developer";
				COPY_PHASE_STRIP = NO;
				DEBUG_INFORMATION_FORMAT = "dwarf-with-dsym";
				ENABLE_NS_ASSERTIONS = NO;
				ENABLE_STRICT_OBJC_MSGSEND = YES;
				GCC_C_LANGUAGE_STANDARD = gnu99;
				GCC_NO_COMMON_BLOCKS = YES;
				GCC_WARN_64_TO_32_BIT_CONVERSION = YES;
				GCC_WARN_ABOUT_RETURN_TYPE = YES_ERROR;
				GCC_WARN_UNDECLARED_SELECTOR = YES;
				GCC_WARN_UNINITIALIZED_AUTOS = YES_AGGRESSIVE;
				GCC_WARN_UNUSED_FUNCTION = YES;
				GCC_WARN_UNUSED_VARIABLE = YES;
				IPHONEOS_DEPLOYMENT_TARGET = 9.2;
				MTL_ENABLE_DEBUG_INFO = NO;
				SDKROOT = iphoneos;
				TARGETED_DEVICE_FAMILY = "1,2";
				VALIDATE_PRODUCT = YES;
			};
			name = Release;
		};
		84D8D98E1D0EE93A006C7A62 /* Debug */ = {
			isa = XCBuildConfiguration;
			baseConfigurationReference = 194205D9001E99A6C78EB545 /* Pods-Redity.debug.xcconfig */;
			buildSettings = {
				ASSETCATALOG_COMPILER_APPICON_NAME = AppIcon;
				INFOPLIST_FILE = Redity/Info.plist;
				IPHONEOS_DEPLOYMENT_TARGET = 8.0;
				LD_RUNPATH_SEARCH_PATHS = "$(inherited) @executable_path/Frameworks";
				PRODUCT_BUNDLE_IDENTIFIER = com.Vanoproduction.Redity;
				PRODUCT_NAME = "$(TARGET_NAME)";
			};
			name = Debug;
		};
		84D8D98F1D0EE93A006C7A62 /* Release */ = {
			isa = XCBuildConfiguration;
			baseConfigurationReference = 3F02291EDE6D72583309CFD3 /* Pods-Redity.release.xcconfig */;
			buildSettings = {
				ASSETCATALOG_COMPILER_APPICON_NAME = AppIcon;
				INFOPLIST_FILE = Redity/Info.plist;
				IPHONEOS_DEPLOYMENT_TARGET = 8.0;
				LD_RUNPATH_SEARCH_PATHS = "$(inherited) @executable_path/Frameworks";
				PRODUCT_BUNDLE_IDENTIFIER = com.Vanoproduction.Redity;
				PRODUCT_NAME = "$(TARGET_NAME)";
			};
			name = Release;
		};
		84D8D9911D0EE93A006C7A62 /* Debug */ = {
			isa = XCBuildConfiguration;
			baseConfigurationReference = E87243D858ED390B417DA5F4 /* Pods-RedityTests.debug.xcconfig */;
			buildSettings = {
				BUNDLE_LOADER = "$(TEST_HOST)";
				INFOPLIST_FILE = RedityTests/Info.plist;
				LD_RUNPATH_SEARCH_PATHS = "$(inherited) @executable_path/Frameworks @loader_path/Frameworks";
				PRODUCT_BUNDLE_IDENTIFIER = com.Vanoproduction.RedityTests;
				PRODUCT_NAME = "$(TARGET_NAME)";
				TEST_HOST = "$(BUILT_PRODUCTS_DIR)/Redity.app/Redity";
			};
			name = Debug;
		};
		84D8D9921D0EE93A006C7A62 /* Release */ = {
			isa = XCBuildConfiguration;
			baseConfigurationReference = 46969F455142BE84B9A5E741 /* Pods-RedityTests.release.xcconfig */;
			buildSettings = {
				BUNDLE_LOADER = "$(TEST_HOST)";
				INFOPLIST_FILE = RedityTests/Info.plist;
				LD_RUNPATH_SEARCH_PATHS = "$(inherited) @executable_path/Frameworks @loader_path/Frameworks";
				PRODUCT_BUNDLE_IDENTIFIER = com.Vanoproduction.RedityTests;
				PRODUCT_NAME = "$(TARGET_NAME)";
				TEST_HOST = "$(BUILT_PRODUCTS_DIR)/Redity.app/Redity";
			};
			name = Release;
		};
		84D8D9941D0EE93A006C7A62 /* Debug */ = {
			isa = XCBuildConfiguration;
			baseConfigurationReference = E38E077D42849E2710AA7F89 /* Pods-RedityUITests.debug.xcconfig */;
			buildSettings = {
				INFOPLIST_FILE = RedityUITests/Info.plist;
				LD_RUNPATH_SEARCH_PATHS = "$(inherited) @executable_path/Frameworks @loader_path/Frameworks";
				PRODUCT_BUNDLE_IDENTIFIER = com.Vanoproduction.RedityUITests;
				PRODUCT_NAME = "$(TARGET_NAME)";
				TEST_TARGET_NAME = Redity;
				USES_XCTRUNNER = YES;
			};
			name = Debug;
		};
		84D8D9951D0EE93A006C7A62 /* Release */ = {
			isa = XCBuildConfiguration;
			baseConfigurationReference = 9650455DF843788A29A1EA9F /* Pods-RedityUITests.release.xcconfig */;
			buildSettings = {
				INFOPLIST_FILE = RedityUITests/Info.plist;
				LD_RUNPATH_SEARCH_PATHS = "$(inherited) @executable_path/Frameworks @loader_path/Frameworks";
				PRODUCT_BUNDLE_IDENTIFIER = com.Vanoproduction.RedityUITests;
				PRODUCT_NAME = "$(TARGET_NAME)";
				TEST_TARGET_NAME = Redity;
				USES_XCTRUNNER = YES;
			};
			name = Release;
		};
/* End XCBuildConfiguration section */

/* Begin XCConfigurationList section */
		84D8D9601D0EE939006C7A62 /* Build configuration list for PBXProject "Redity" */ = {
			isa = XCConfigurationList;
			buildConfigurations = (
				84D8D98B1D0EE93A006C7A62 /* Debug */,
				84D8D98C1D0EE93A006C7A62 /* Release */,
			);
			defaultConfigurationIsVisible = 0;
			defaultConfigurationName = Release;
		};
		84D8D98D1D0EE93A006C7A62 /* Build configuration list for PBXNativeTarget "Redity" */ = {
			isa = XCConfigurationList;
			buildConfigurations = (
				84D8D98E1D0EE93A006C7A62 /* Debug */,
				84D8D98F1D0EE93A006C7A62 /* Release */,
			);
			defaultConfigurationIsVisible = 0;
			defaultConfigurationName = Release;
		};
		84D8D9901D0EE93A006C7A62 /* Build configuration list for PBXNativeTarget "RedityTests" */ = {
			isa = XCConfigurationList;
			buildConfigurations = (
				84D8D9911D0EE93A006C7A62 /* Debug */,
				84D8D9921D0EE93A006C7A62 /* Release */,
			);
			defaultConfigurationIsVisible = 0;
			defaultConfigurationName = Release;
		};
		84D8D9931D0EE93A006C7A62 /* Build configuration list for PBXNativeTarget "RedityUITests" */ = {
			isa = XCConfigurationList;
			buildConfigurations = (
				84D8D9941D0EE93A006C7A62 /* Debug */,
				84D8D9951D0EE93A006C7A62 /* Release */,
			);
			defaultConfigurationIsVisible = 0;
			defaultConfigurationName = Release;
		};
/* End XCConfigurationList section */
	};
	rootObject = 84D8D95D1D0EE939006C7A62 /* Project object */;
}
